DEPENDENCIES
  base-chef
    path: .
    metadata: true

GRAPH
  auditd (0.1.8)
  base-chef (0.1.0)
    auditd (>= 0.0.0)
    hostname (>= 0.0.0)
    iptables (>= 0.0.0)
    ntp (>= 0.0.0)
    selinux (>= 0.0.0)
    sudo (>= 0.0.0)
    sysctl (>= 0.0.0)
    timezone_lwrp (>= 0.0.0)
  chef_handler (1.3.0)
  hostname (0.3.0)
    hostsfile (>= 0.0.0)
  hostsfile (2.4.5)
  iptables (2.2.0)
  ntp (1.11.0)
    windows (>= 1.38.0)
  ohai (3.0.1)
  selinux (0.9.0)
  sudo (2.9.0)
  sysctl (0.7.5)
    ohai (~> 3.0)
  timezone_lwrp (0.1.7)
  windows (1.40.0)
    chef_handler (>= 0.0.0)
